
Microsoft Visual Studio Solution File, Format Version 12.00
# Visual Studio Version 16
VisualStudioVersion = 16.0.32510.428
MinimumVisualStudioVersion = 10.0.40219.1
Project("{8BC9CEB8-8B4A-11D0-8D11-00A0C91BC942}") = "弹力球（工程实践）", "弹力球（工程实践）\弹力球（工程实践）.vcxproj", "{70E8C85E-CEDE-4CB4-A2FC-462E5994353E}"
EndProject
Global
	GlobalSection(SolutionConfigurationPlatforms) = preSolution
		Debug|x64 = Debug|x64
		Debug|x86 = Debug|x86
		Release|x64 = Release|x64
		Release|x86 = Release|x86
	EndGlobalSection
	GlobalSection(ProjectConfigurationPlatforms) = postSolution
		{70E8C85E-CEDE-4CB4-A2FC-462E5994353E}.Debug|x64.ActiveCfg = Debug|x64
		{70E8C85E-CEDE-4CB4-A2FC-462E5994353E}.Debug|x64.Build.0 = Debug|x64
		{70E8C85E-CEDE-4CB4-A2FC-462E5994353E}.Debug|x86.ActiveCfg = Debug|Win32
		{70E8C85E-CEDE-4CB4-A2FC-462E5994353E}.Debug|x86.Build.0 = Debug|Win32
		{70E8C85E-CEDE-4CB4-A2FC-462E5994353E}.Release|x64.ActiveCfg = Release|x64
		{70E8C85E-CEDE-4CB4-A2FC-462E5994353E}.Release|x64.Build.0 = Release|x64
		{70E8C85E-CEDE-4CB4-A2FC-462E5994353E}.Release|x86.ActiveCfg = Release|Win32
		{70E8C85E-CEDE-4CB4-A2FC-462E5994353E}.Release|x86.Build.0 = Release|Win32
	EndGlobalSection
	GlobalSection(SolutionProperties) = preSolution
		HideSolutionNode = FALSE
	EndGlobalSection
	GlobalSection(ExtensibilityGlobals) = postSolution
		SolutionGuid = {08C115CB-158D-475E-A3C3-E3970C2B40BA}
	EndGlobalSection
EndGlobal
